
Microsoft Visual Studio Solution File, Format Version 12.00
# Visual Studio Version 16
VisualStudioVersion = 16.0.30517.126
MinimumVisualStudioVersion = 10.0.40219.1
Project("{FAE04EC0-301F-11D3-BF4B-00C04F79EFBC}") = "Feria_Virtual", "Feria_Virtual\Feria_Virtual.csproj", "{DD7F51F3-CAA8-46F5-A874-9D318F83CE13}"
EndProject
Global
	GlobalSection(SolutionConfigurationPlatforms) = preSolution
		Debug|Any CPU = Debug|Any CPU
		Release|Any CPU = Release|Any CPU
	EndGlobalSection
	GlobalSection(ProjectConfigurationPlatforms) = postSolution
		{DD7F51F3-CAA8-46F5-A874-9D318F83CE13}.Debug|Any CPU.ActiveCfg = Debug|Any CPU
		{DD7F51F3-CAA8-46F5-A874-9D318F83CE13}.Debug|Any CPU.Build.0 = Debug|Any CPU
		{DD7F51F3-CAA8-46F5-A874-9D318F83CE13}.Release|Any CPU.ActiveCfg = Release|Any CPU
		{DD7F51F3-CAA8-46F5-A874-9D318F83CE13}.Release|Any CPU.Build.0 = Release|Any CPU
	EndGlobalSection
	GlobalSection(SolutionProperties) = preSolution
		HideSolutionNode = FALSE
	EndGlobalSection
	GlobalSection(ExtensibilityGlobals) = postSolution
		SolutionGuid = {99631A93-D0E4-45E3-91EA-1C56DC90A735}
	EndGlobalSection
EndGlobal
